
Microsoft Visual Studio Solution File, Format Version 12.00
Project("{FAE04EC0-301F-11D3-BF4B-00C04F79EFBC}") = "Host", "Host\Host.csproj", "{F375F59D-32D5-4A0B-BDDA-AAA10969DFF7}"
EndProject
Project("{FAE04EC0-301F-11D3-BF4B-00C04F79EFBC}") = "DataAccess", "DataAccess\DataAccess.csproj", "{D244D374-C6E6-4850-82BA-7A89FA376D4A}"
EndProject
Project("{FAE04EC0-301F-11D3-BF4B-00C04F79EFBC}") = "Core", "Core\Core.csproj", "{5C88E3FC-5619-475A-AEDF-619CCBE69444}"
EndProject
Project("{FAE04EC0-301F-11D3-BF4B-00C04F79EFBC}") = "Application", "Application\Application.csproj", "{8D83E10F-35C0-4F40-A206-184B124EC477}"
EndProject
Project("{FAE04EC0-301F-11D3-BF4B-00C04F79EFBC}") = "IdentityServer", "IdentityServer\IdentityServer.csproj", "{48D843C2-CF76-4B59-91CF-9275BFB15994}"
EndProject
Project("{FAE04EC0-301F-11D3-BF4B-00C04F79EFBC}") = "WebApi", "WebApi\WebApi.csproj", "{7733D8BE-B4B7-4AE4-8AAC-3BF179FF4650}"
EndProject
Global
	GlobalSection(SolutionConfigurationPlatforms) = preSolution
		Debug|Any CPU = Debug|Any CPU
		Release|Any CPU = Release|Any CPU
	EndGlobalSection
	GlobalSection(ProjectConfigurationPlatforms) = postSolution
		{F375F59D-32D5-4A0B-BDDA-AAA10969DFF7}.Debug|Any CPU.ActiveCfg = Debug|Any CPU
		{F375F59D-32D5-4A0B-BDDA-AAA10969DFF7}.Debug|Any CPU.Build.0 = Debug|Any CPU
		{F375F59D-32D5-4A0B-BDDA-AAA10969DFF7}.Release|Any CPU.ActiveCfg = Release|Any CPU
		{F375F59D-32D5-4A0B-BDDA-AAA10969DFF7}.Release|Any CPU.Build.0 = Release|Any CPU
		{D244D374-C6E6-4850-82BA-7A89FA376D4A}.Debug|Any CPU.ActiveCfg = Debug|Any CPU
		{D244D374-C6E6-4850-82BA-7A89FA376D4A}.Debug|Any CPU.Build.0 = Debug|Any CPU
		{D244D374-C6E6-4850-82BA-7A89FA376D4A}.Release|Any CPU.ActiveCfg = Release|Any CPU
		{D244D374-C6E6-4850-82BA-7A89FA376D4A}.Release|Any CPU.Build.0 = Release|Any CPU
		{5C88E3FC-5619-475A-AEDF-619CCBE69444}.Debug|Any CPU.ActiveCfg = Debug|Any CPU
		{5C88E3FC-5619-475A-AEDF-619CCBE69444}.Debug|Any CPU.Build.0 = Debug|Any CPU
		{5C88E3FC-5619-475A-AEDF-619CCBE69444}.Release|Any CPU.ActiveCfg = Release|Any CPU
		{5C88E3FC-5619-475A-AEDF-619CCBE69444}.Release|Any CPU.Build.0 = Release|Any CPU
		{8D83E10F-35C0-4F40-A206-184B124EC477}.Debug|Any CPU.ActiveCfg = Debug|Any CPU
		{8D83E10F-35C0-4F40-A206-184B124EC477}.Debug|Any CPU.Build.0 = Debug|Any CPU
		{8D83E10F-35C0-4F40-A206-184B124EC477}.Release|Any CPU.ActiveCfg = Release|Any CPU
		{8D83E10F-35C0-4F40-A206-184B124EC477}.Release|Any CPU.Build.0 = Release|Any CPU
		{48D843C2-CF76-4B59-91CF-9275BFB15994}.Debug|Any CPU.ActiveCfg = Debug|Any CPU
		{48D843C2-CF76-4B59-91CF-9275BFB15994}.Debug|Any CPU.Build.0 = Debug|Any CPU
		{48D843C2-CF76-4B59-91CF-9275BFB15994}.Release|Any CPU.ActiveCfg = Release|Any CPU
		{48D843C2-CF76-4B59-91CF-9275BFB15994}.Release|Any CPU.Build.0 = Release|Any CPU
		{7733D8BE-B4B7-4AE4-8AAC-3BF179FF4650}.Debug|Any CPU.ActiveCfg = Debug|Any CPU
		{7733D8BE-B4B7-4AE4-8AAC-3BF179FF4650}.Debug|Any CPU.Build.0 = Debug|Any CPU
		{7733D8BE-B4B7-4AE4-8AAC-3BF179FF4650}.Release|Any CPU.ActiveCfg = Release|Any CPU
		{7733D8BE-B4B7-4AE4-8AAC-3BF179FF4650}.Release|Any CPU.Build.0 = Release|Any CPU
	EndGlobalSection
EndGlobal
